// !$*UTF8*$!
{
	archiveVersion = 1;
	classes = {
	};
	objectVersion = 50;
	objects = {

/* Begin PBXBuildFile section */
		7B1E0EDA21AA49EA00F8FBE2 /* AppDelegate.m in Sources */ = {isa = PBXBuildFile; fileRef = 7B1E0ED921AA49EA00F8FBE2 /* AppDelegate.m */; };
		7B1E0EE021AA49EB00F8FBE2 /* Main.storyboard in Resources */ = {isa = PBXBuildFile; fileRef = 7B1E0EDE21AA49EB00F8FBE2 /* Main.storyboard */; };
		7B1E0EE221AA49EB00F8FBE2 /* Assets.xcassets in Resources */ = {isa = PBXBuildFile; fileRef = 7B1E0EE121AA49EB00F8FBE2 /* Assets.xcassets */; };
		7B1E0EE521AA49EB00F8FBE2 /* LaunchScreen.storyboard in Resources */ = {isa = PBXBuildFile; fileRef = 7B1E0EE321AA49EB00F8FBE2 /* LaunchScreen.storyboard */; };
		7B1E0EE821AA49EC00F8FBE2 /* main.m in Sources */ = {isa = PBXBuildFile; fileRef = 7B1E0EE721AA49EC00F8FBE2 /* main.m */; };
		7B1E0EF121AA4B4300F8FBE2 /* opencv2.framework in Frameworks */ = {isa = PBXBuildFile; fileRef = 7B1E0EF021AA4B4300F8FBE2 /* opencv2.framework */; };
		7B1E0F5E21AA4BE900F8FBE2 /* main.plist in Resources */ = {isa = PBXBuildFile; fileRef = 7B1E0F5D21AA4BE900F8FBE2 /* main.plist */; };
		7B1E0F5F21AA4DB300F8FBE2 /* WTDrawRectController.m in Sources */ = {isa = PBXBuildFile; fileRef = 7B1E0F4A21AA4BA200F8FBE2 /* WTDrawRectController.m */; };
		7B1E0F6021AA4DB300F8FBE2 /* WTDrawRectController.xib in Resources */ = {isa = PBXBuildFile; fileRef = 7B1E0F4B21AA4BA200F8FBE2 /* WTDrawRectController.xib */; };
		7B1E0F6121AA4DB300F8FBE2 /* WTFaceRectDetectionVC.m in Sources */ = {isa = PBXBuildFile; fileRef = 7B1E0F4D21AA4BA200F8FBE2 /* WTFaceRectDetectionVC.m */; };
		7B1E0F6221AA4DB300F8FBE2 /* WTFaceRectDetectionVC.xib in Resources */ = {isa = PBXBuildFile; fileRef = 7B1E0F4E21AA4BA200F8FBE2 /* WTFaceRectDetectionVC.xib */; };
		7B1E0F6321AA4DB300F8FBE2 /* WTGaussFilterVC.m in Sources */ = {isa = PBXBuildFile; fileRef = 7B1E0F5021AA4BA200F8FBE2 /* WTGaussFilterVC.m */; };
		7B1E0F6421AA4DB300F8FBE2 /* WTGaussFilterVC.xib in Resources */ = {isa = PBXBuildFile; fileRef = 7B1E0F5121AA4BA200F8FBE2 /* WTGaussFilterVC.xib */; };
		7B1E0F6521AA4DB300F8FBE2 /* WTHoughLinesVC.m in Sources */ = {isa = PBXBuildFile; fileRef = 7B1E0F5321AA4BA200F8FBE2 /* WTHoughLinesVC.m */; };
		7B1E0F6621AA4DB300F8FBE2 /* WTHoughLinesVC.xib in Resources */ = {isa = PBXBuildFile; fileRef = 7B1E0F5421AA4BA200F8FBE2 /* WTHoughLinesVC.xib */; };
		7B1E0F6721AA4DB300F8FBE2 /* WTMosaicImageVC.m in Sources */ = {isa = PBXBuildFile; fileRef = 7B1E0F5621AA4BA200F8FBE2 /* WTMosaicImageVC.m */; };
		7B1E0F6821AA4DB300F8FBE2 /* WTMosaicImageVC.xib in Resources */ = {isa = PBXBuildFile; fileRef = 7B1E0F5721AA4BA200F8FBE2 /* WTMosaicImageVC.xib */; };
		7B1E104621AAECC800F8FBE2 /* haarcascade_eye.xml in Resources */ = {isa = PBXBuildFile; fileRef = 7B1E101321AAECC800F8FBE2 /* haarcascade_eye.xml */; };
		7B1E104721AAECC800F8FBE2 /* haarcascade_frontalface_alt.xml in Resources */ = {isa = PBXBuildFile; fileRef = 7B1E101421AAECC800F8FBE2 /* haarcascade_frontalface_alt.xml */; };
		7B1E104821AAECC800F8FBE2 /* FaceUtils.mm in Sources */ = {isa = PBXBuildFile; fileRef = 7B1E101521AAECC800F8FBE2 /* FaceUtils.mm */; };
		7B1E104921AAECC800F8FBE2 /* GaussFilterTool.mm in Sources */ = {isa = PBXBuildFile; fileRef = 7B1E101821AAECC800F8FBE2 /* GaussFilterTool.mm */; };
		7B1E104A21AAECC800F8FBE2 /* face4_me.png in Resources */ = {isa = PBXBuildFile; fileRef = 7B1E101A21AAECC800F8FBE2 /* face4_me.png */; };
		7B1E104B21AAECC800F8FBE2 /* lineimg.png in Resources */ = {isa = PBXBuildFile; fileRef = 7B1E101B21AAECC800F8FBE2 /* lineimg.png */; };
		7B1E104C21AAECC800F8FBE2 /* face.png in Resources */ = {isa = PBXBuildFile; fileRef = 7B1E101C21AAECC800F8FBE2 /* face.png */; };
		7B1E104D21AAECC800F8FBE2 /* face2_me.png in Resources */ = {isa = PBXBuildFile; fileRef = 7B1E101D21AAECC800F8FBE2 /* face2_me.png */; };
		7B1E104E21AAECC800F8FBE2 /* face1.png in Resources */ = {isa = PBXBuildFile; fileRef = 7B1E101E21AAECC800F8FBE2 /* face1.png */; };
		7B1E104F21AAECC800F8FBE2 /* face0.png in Resources */ = {isa = PBXBuildFile; fileRef = 7B1E101F21AAECC800F8FBE2 /* face0.png */; };
		7B1E105021AAECC800F8FBE2 /* face2.png in Resources */ = {isa = PBXBuildFile; fileRef = 7B1E102021AAECC800F8FBE2 /* face2.png */; };
		7B1E105121AAECC800F8FBE2 /* face3.png in Resources */ = {isa = PBXBuildFile; fileRef = 7B1E102121AAECC800F8FBE2 /* face3.png */; };
		7B1E105221AAECC800F8FBE2 /* face4.png in Resources */ = {isa = PBXBuildFile; fileRef = 7B1E102221AAECC800F8FBE2 /* face4.png */; };
		7B1E105321AAECC800F8FBE2 /* face5.png in Resources */ = {isa = PBXBuildFile; fileRef = 7B1E102321AAECC800F8FBE2 /* face5.png */; };
		7B1E105421AAECC800F8FBE2 /* face1_me.png in Resources */ = {isa = PBXBuildFile; fileRef = 7B1E102421AAECC800F8FBE2 /* face1_me.png */; };
		7B1E105521AAECC800F8FBE2 /* face3_me.png in Resources */ = {isa = PBXBuildFile; fileRef = 7B1E102521AAECC800F8FBE2 /* face3_me.png */; };
		7B1E105621AAECC800F8FBE2 /* HoughLinesTool.mm in Sources */ = {isa = PBXBuildFile; fileRef = 7B1E102821AAECC800F8FBE2 /* HoughLinesTool.mm */; };
		7B1E105721AAECC800F8FBE2 /* ImageProcessUtils.mm in Sources */ = {isa = PBXBuildFile; fileRef = 7B1E102B21AAECC800F8FBE2 /* ImageProcessUtils.mm */; };
		7B1E105821AAECC800F8FBE2 /* bigger_rect.png in Resources */ = {isa = PBXBuildFile; fileRef = 7B1E103021AAECC800F8FBE2 /* bigger_rect.png */; };
		7B1E105921AAECC800F8FBE2 /* reset_icon.png in Resources */ = {isa = PBXBuildFile; fileRef = 7B1E103121AAECC800F8FBE2 /* reset_icon.png */; };
		7B1E105A21AAECC800F8FBE2 /* rect1.png in Resources */ = {isa = PBXBuildFile; fileRef = 7B1E103221AAECC800F8FBE2 /* rect1.png */; };
		7B1E105B21AAECC800F8FBE2 /* right_icon.png in Resources */ = {isa = PBXBuildFile; fileRef = 7B1E103321AAECC800F8FBE2 /* right_icon.png */; };
		7B1E105C21AAECC800F8FBE2 /* rotation_icon.png in Resources */ = {isa = PBXBuildFile; fileRef = 7B1E103421AAECC800F8FBE2 /* rotation_icon.png */; };
		7B1E105D21AAECC800F8FBE2 /* TJPointCircleView+Extension.m in Sources */ = {isa = PBXBuildFile; fileRef = 7B1E103521AAECC800F8FBE2 /* TJPointCircleView+Extension.m */; };
		7B1E105E21AAECC800F8FBE2 /* TJRectDectectController.m in Sources */ = {isa = PBXBuildFile; fileRef = 7B1E103621AAECC800F8FBE2 /* TJRectDectectController.m */; };
		7B1E105F21AAECC800F8FBE2 /* TJRectDectectPreviewController.m in Sources */ = {isa = PBXBuildFile; fileRef = 7B1E103821AAECC800F8FBE2 /* TJRectDectectPreviewController.m */; };
		7B1E106021AAECC800F8FBE2 /* TJLineModel.m in Sources */ = {isa = PBXBuildFile; fileRef = 7B1E103D21AAECC800F8FBE2 /* TJLineModel.m */; };
		7B1E106121AAECC800F8FBE2 /* TJPointCircleView.m in Sources */ = {isa = PBXBuildFile; fileRef = 7B1E103E21AAECC800F8FBE2 /* TJPointCircleView.m */; };
		7B1E106221AAECC800F8FBE2 /* TJRectModel.m in Sources */ = {isa = PBXBuildFile; fileRef = 7B1E103F21AAECC800F8FBE2 /* TJRectModel.m */; };
		7B1E106321AAECC800F8FBE2 /* TJRectDectectController.xib in Resources */ = {isa = PBXBuildFile; fileRef = 7B1E104121AAECC800F8FBE2 /* TJRectDectectController.xib */; };
		7B1E106421AAECC800F8FBE2 /* TJRectDectectView.mm in Sources */ = {isa = PBXBuildFile; fileRef = 7B1E104321AAECC800F8FBE2 /* TJRectDectectView.mm */; };
		7B1E106521AAECC800F8FBE2 /* TJRectDectectPreviewController.xib in Resources */ = {isa = PBXBuildFile; fileRef = 7B1E104421AAECC800F8FBE2 /* TJRectDectectPreviewController.xib */; };
		7B1E106621AAECC800F8FBE2 /* UIImage+fixOrientation.m in Sources */ = {isa = PBXBuildFile; fileRef = 7B1E104521AAECC800F8FBE2 /* UIImage+fixOrientation.m */; };
		7B1E106921AAED6300F8FBE2 /* ViewController.m in Sources */ = {isa = PBXBuildFile; fileRef = 7B1E106721AAED6300F8FBE2 /* ViewController.m */; };
		7B1E108721AAF60700F8FBE2 /* SpliceImageTool.mm in Sources */ = {isa = PBXBuildFile; fileRef = 7B1E108621AAF60700F8FBE2 /* SpliceImageTool.mm */; };
		7B1E108B21AAFB4900F8FBE2 /* RectRedressTool.mm in Sources */ = {isa = PBXBuildFile; fileRef = 7B1E108A21AAFB4900F8FBE2 /* RectRedressTool.mm */; };
		D4B6FA8E904F88B5C43BEACD /* Pods_iOSOpenCVLibDemo.framework in Frameworks */ = {isa = PBXBuildFile; fileRef = 6319648AD13B1B3B05B1D33D /* Pods_iOSOpenCVLibDemo.framework */; };
/* End PBXBuildFile section */

/* Begin PBXFileReference section */
		364F534790EBB0EAC188BE3F /* Pods-iOSOpenCVLibDemo.release.xcconfig */ = {isa = PBXFileReference; includeInIndex = 1; lastKnownFileType = text.xcconfig; name = "Pods-iOSOpenCVLibDemo.release.xcconfig"; path = "Pods/Target Support Files/Pods-iOSOpenCVLibDemo/Pods-iOSOpenCVLibDemo.release.xcconfig"; sourceTree = "<group>"; };
		375A9FB50016E3DDB1AA6D8C /* Pods-iOSOpenCVLibDemo.debug.xcconfig */ = {isa = PBXFileReference; includeInIndex = 1; lastKnownFileType = text.xcconfig; name = "Pods-iOSOpenCVLibDemo.debug.xcconfig"; path = "Pods/Target Support Files/Pods-iOSOpenCVLibDemo/Pods-iOSOpenCVLibDemo.debug.xcconfig"; sourceTree = "<group>"; };
		6319648AD13B1B3B05B1D33D /* Pods_iOSOpenCVLibDemo.framework */ = {isa = PBXFileReference; explicitFileType = wrapper.framework; includeInIndex = 0; path = Pods_iOSOpenCVLibDemo.framework; sourceTree = BUILT_PRODUCTS_DIR; };
		7B1E0ED521AA49EA00F8FBE2 /* iOSOpenCVLibDemo.app */ = {isa = PBXFileReference; explicitFileType = wrapper.application; includeInIndex = 0; path = iOSOpenCVLibDemo.app; sourceTree = BUILT_PRODUCTS_DIR; };
		7B1E0ED821AA49EA00F8FBE2 /* AppDelegate.h */ = {isa = PBXFileReference; lastKnownFileType = sourcecode.c.h; path = AppDelegate.h; sourceTree = "<group>"; };
		7B1E0ED921AA49EA00F8FBE2 /* AppDelegate.m */ = {isa = PBXFileReference; lastKnownFileType = sourcecode.c.objc; path = AppDelegate.m; sourceTree = "<group>"; };
		7B1E0EDF21AA49EB00F8FBE2 /* Base */ = {isa = PBXFileReference; lastKnownFileType = file.storyboard; name = Base; path = Base.lproj/Main.storyboard; sourceTree = "<group>"; };
		7B1E0EE121AA49EB00F8FBE2 /* Assets.xcassets */ = {isa = PBXFileReference; lastKnownFileType = folder.assetcatalog; path = Assets.xcassets; sourceTree = "<group>"; };
		7B1E0EE421AA49EB00F8FBE2 /* Base */ = {isa = PBXFileReference; lastKnownFileType = file.storyboard; name = Base; path = Base.lproj/LaunchScreen.storyboard; sourceTree = "<group>"; };
		7B1E0EE621AA49EC00F8FBE2 /* Info.plist */ = {isa = PBXFileReference; lastKnownFileType = text.plist.xml; path = Info.plist; sourceTree = "<group>"; };
		7B1E0EE721AA49EC00F8FBE2 /* main.m */ = {isa = PBXFileReference; lastKnownFileType = sourcecode.c.objc; path = main.m; sourceTree = "<group>"; };
		7B1E0EF021AA4B4300F8FBE2 /* opencv2.framework */ = {isa = PBXFileReference; lastKnownFileType = wrapper.framework; path = opencv2.framework; sourceTree = "<group>"; };
		7B1E0F4921AA4BA200F8FBE2 /* WTDrawRectController.h */ = {isa = PBXFileReference; fileEncoding = 4; lastKnownFileType = sourcecode.c.h; path = WTDrawRectController.h; sourceTree = "<group>"; };
		7B1E0F4A21AA4BA200F8FBE2 /* WTDrawRectController.m */ = {isa = PBXFileReference; fileEncoding = 4; lastKnownFileType = sourcecode.c.objc; path = WTDrawRectController.m; sourceTree = "<group>"; };
		7B1E0F4B21AA4BA200F8FBE2 /* WTDrawRectController.xib */ = {isa = PBXFileReference; fileEncoding = 4; lastKnownFileType = file.xib; path = WTDrawRectController.xib; sourceTree = "<group>"; };
		7B1E0F4C21AA4BA200F8FBE2 /* WTFaceRectDetectionVC.h */ = {isa = PBXFileReference; fileEncoding = 4; lastKnownFileType = sourcecode.c.h; path = WTFaceRectDetectionVC.h; sourceTree = "<group>"; };
		7B1E0F4D21AA4BA200F8FBE2 /* WTFaceRectDetectionVC.m */ = {isa = PBXFileReference; fileEncoding = 4; lastKnownFileType = sourcecode.c.objc; path = WTFaceRectDetectionVC.m; sourceTree = "<group>"; };
		7B1E0F4E21AA4BA200F8FBE2 /* WTFaceRectDetectionVC.xib */ = {isa = PBXFileReference; fileEncoding = 4; lastKnownFileType = file.xib; path = WTFaceRectDetectionVC.xib; sourceTree = "<group>"; };
		7B1E0F4F21AA4BA200F8FBE2 /* WTGaussFilterVC.h */ = {isa = PBXFileReference; fileEncoding = 4; lastKnownFileType = sourcecode.c.h; path = WTGaussFilterVC.h; sourceTree = "<group>"; };
		7B1E0F5021AA4BA200F8FBE2 /* WTGaussFilterVC.m */ = {isa = PBXFileReference; fileEncoding = 4; lastKnownFileType = sourcecode.c.objc; path = WTGaussFilterVC.m; sourceTree = "<group>"; };
		7B1E0F5121AA4BA200F8FBE2 /* WTGaussFilterVC.xib */ = {isa = PBXFileReference; fileEncoding = 4; lastKnownFileType = file.xib; path = WTGaussFilterVC.xib; sourceTree = "<group>"; };
		7B1E0F5221AA4BA200F8FBE2 /* WTHoughLinesVC.h */ = {isa = PBXFileReference; fileEncoding = 4; lastKnownFileType = sourcecode.c.h; path = WTHoughLinesVC.h; sourceTree = "<group>"; };
		7B1E0F5321AA4BA200F8FBE2 /* WTHoughLinesVC.m */ = {isa = PBXFileReference; fileEncoding = 4; lastKnownFileType = sourcecode.c.objc; path = WTHoughLinesVC.m; sourceTree = "<group>"; };
		7B1E0F5421AA4BA200F8FBE2 /* WTHoughLinesVC.xib */ = {isa = PBXFileReference; fileEncoding = 4; lastKnownFileType = file.xib; path = WTHoughLinesVC.xib; sourceTree = "<group>"; };
		7B1E0F5521AA4BA200F8FBE2 /* WTMosaicImageVC.h */ = {isa = PBXFileReference; fileEncoding = 4; lastKnownFileType = sourcecode.c.h; path = WTMosaicImageVC.h; sourceTree = "<group>"; };
		7B1E0F5621AA4BA200F8FBE2 /* WTMosaicImageVC.m */ = {isa = PBXFileReference; fileEncoding = 4; lastKnownFileType = sourcecode.c.objc; path = WTMosaicImageVC.m; sourceTree = "<group>"; };
		7B1E0F5721AA4BA200F8FBE2 /* WTMosaicImageVC.xib */ = {isa = PBXFileReference; fileEncoding = 4; lastKnownFileType = file.xib; path = WTMosaicImageVC.xib; sourceTree = "<group>"; };
		7B1E0F5D21AA4BE900F8FBE2 /* main.plist */ = {isa = PBXFileReference; fileEncoding = 4; lastKnownFileType = text.plist.xml; path = main.plist; sourceTree = "<group>"; };
		7B1E101221AAECC800F8FBE2 /* FaceUtils.h */ = {isa = PBXFileReference; fileEncoding = 4; lastKnownFileType = sourcecode.c.h; path = FaceUtils.h; sourceTree = "<group>"; };
		7B1E101321AAECC800F8FBE2 /* haarcascade_eye.xml */ = {isa = PBXFileReference; fileEncoding = 4; lastKnownFileType = text.xml; path = haarcascade_eye.xml; sourceTree = "<group>"; };
		7B1E101421AAECC800F8FBE2 /* haarcascade_frontalface_alt.xml */ = {isa = PBXFileReference; fileEncoding = 4; lastKnownFileType = text.xml; path = haarcascade_frontalface_alt.xml; sourceTree = "<group>"; };
		7B1E101521AAECC800F8FBE2 /* FaceUtils.mm */ = {isa = PBXFileReference; fileEncoding = 4; lastKnownFileType = sourcecode.cpp.objcpp; path = FaceUtils.mm; sourceTree = "<group>"; };
		7B1E101721AAECC800F8FBE2 /* GaussFilterTool.h */ = {isa = PBXFileReference; fileEncoding = 4; lastKnownFileType = sourcecode.c.h; path = GaussFilterTool.h; sourceTree = "<group>"; };
		7B1E101821AAECC800F8FBE2 /* GaussFilterTool.mm */ = {isa = PBXFileReference; fileEncoding = 4; lastKnownFileType = sourcecode.cpp.objcpp; path = GaussFilterTool.mm; sourceTree = "<group>"; };
		7B1E101A21AAECC800F8FBE2 /* face4_me.png */ = {isa = PBXFileReference; lastKnownFileType = image.png; path = face4_me.png; sourceTree = "<group>"; };
		7B1E101B21AAECC800F8FBE2 /* lineimg.png */ = {isa = PBXFileReference; lastKnownFileType = image.png; path = lineimg.png; sourceTree = "<group>"; };
		7B1E101C21AAECC800F8FBE2 /* face.png */ = {isa = PBXFileReference; lastKnownFileType = image.png; path = face.png; sourceTree = "<group>"; };
		7B1E101D21AAECC800F8FBE2 /* face2_me.png */ = {isa = PBXFileReference; lastKnownFileType = image.png; path = face2_me.png; sourceTree = "<group>"; };
		7B1E101E21AAECC800F8FBE2 /* face1.png */ = {isa = PBXFileReference; lastKnownFileType = image.png; path = face1.png; sourceTree = "<group>"; };
		7B1E101F21AAECC800F8FBE2 /* face0.png */ = {isa = PBXFileReference; lastKnownFileType = image.png; path = face0.png; sourceTree = "<group>"; };
		7B1E102021AAECC800F8FBE2 /* face2.png */ = {isa = PBXFileReference; lastKnownFileType = image.png; path = face2.png; sourceTree = "<group>"; };
		7B1E102121AAECC800F8FBE2 /* face3.png */ = {isa = PBXFileReference; lastKnownFileType = image.png; path = face3.png; sourceTree = "<group>"; };
		7B1E102221AAECC800F8FBE2 /* face4.png */ = {isa = PBXFileReference; lastKnownFileType = image.png; path = face4.png; sourceTree = "<group>"; };
		7B1E102321AAECC800F8FBE2 /* face5.png */ = {isa = PBXFileReference; lastKnownFileType = image.png; path = face5.png; sourceTree = "<group>"; };
		7B1E102421AAECC800F8FBE2 /* face1_me.png */ = {isa = PBXFileReference; lastKnownFileType = image.png; path = face1_me.png; sourceTree = "<group>"; };
		7B1E102521AAECC800F8FBE2 /* face3_me.png */ = {isa = PBXFileReference; lastKnownFileType = image.png; path = face3_me.png; sourceTree = "<group>"; };
		7B1E102721AAECC800F8FBE2 /* HoughLinesTool.h */ = {isa = PBXFileReference; fileEncoding = 4; lastKnownFileType = sourcecode.c.h; path = HoughLinesTool.h; sourceTree = "<group>"; };
		7B1E102821AAECC800F8FBE2 /* HoughLinesTool.mm */ = {isa = PBXFileReference; fileEncoding = 4; lastKnownFileType = sourcecode.cpp.objcpp; path = HoughLinesTool.mm; sourceTree = "<group>"; };
		7B1E102A21AAECC800F8FBE2 /* ImageProcessUtils.h */ = {isa = PBXFileReference; fileEncoding = 4; lastKnownFileType = sourcecode.c.h; path = ImageProcessUtils.h; sourceTree = "<group>"; };
		7B1E102B21AAECC800F8FBE2 /* ImageProcessUtils.mm */ = {isa = PBXFileReference; fileEncoding = 4; lastKnownFileType = sourcecode.cpp.objcpp; path = ImageProcessUtils.mm; sourceTree = "<group>"; };
		7B1E102D21AAECC800F8FBE2 /* TJRectDectectView.h */ = {isa = PBXFileReference; fileEncoding = 4; lastKnownFileType = sourcecode.c.h; path = TJRectDectectView.h; sourceTree = "<group>"; };
		7B1E102E21AAECC800F8FBE2 /* TJRectDectectPreviewController.h */ = {isa = PBXFileReference; fileEncoding = 4; lastKnownFileType = sourcecode.c.h; path = TJRectDectectPreviewController.h; sourceTree = "<group>"; };
		7B1E103021AAECC800F8FBE2 /* bigger_rect.png */ = {isa = PBXFileReference; lastKnownFileType = image.png; path = bigger_rect.png; sourceTree = "<group>"; };
		7B1E103121AAECC800F8FBE2 /* reset_icon.png */ = {isa = PBXFileReference; lastKnownFileType = image.png; path = reset_icon.png; sourceTree = "<group>"; };
		7B1E103221AAECC800F8FBE2 /* rect1.png */ = {isa = PBXFileReference; lastKnownFileType = image.png; path = rect1.png; sourceTree = "<group>"; };
		7B1E103321AAECC800F8FBE2 /* right_icon.png */ = {isa = PBXFileReference; lastKnownFileType = image.png; path = right_icon.png; sourceTree = "<group>"; };
		7B1E103421AAECC800F8FBE2 /* rotation_icon.png */ = {isa = PBXFileReference; lastKnownFileType = image.png; path = rotation_icon.png; sourceTree = "<group>"; };
		7B1E103521AAECC800F8FBE2 /* TJPointCircleView+Extension.m */ = {isa = PBXFileReference; fileEncoding = 4; lastKnownFileType = sourcecode.c.objc; path = "TJPointCircleView+Extension.m"; sourceTree = "<group>"; };
		7B1E103621AAECC800F8FBE2 /* TJRectDectectController.m */ = {isa = PBXFileReference; fileEncoding = 4; lastKnownFileType = sourcecode.c.objc; path = TJRectDectectController.m; sourceTree = "<group>"; };
		7B1E103721AAECC800F8FBE2 /* UIImage+fixOrientation.h */ = {isa = PBXFileReference; fileEncoding = 4; lastKnownFileType = sourcecode.c.h; path = "UIImage+fixOrientation.h"; sourceTree = "<group>"; };
		7B1E103821AAECC800F8FBE2 /* TJRectDectectPreviewController.m */ = {isa = PBXFileReference; fileEncoding = 4; lastKnownFileType = sourcecode.c.objc; path = TJRectDectectPreviewController.m; sourceTree = "<group>"; };
		7B1E103A21AAECC800F8FBE2 /* TJLineModel.h */ = {isa = PBXFileReference; fileEncoding = 4; lastKnownFileType = sourcecode.c.h; path = TJLineModel.h; sourceTree = "<group>"; };
		7B1E103B21AAECC800F8FBE2 /* TJRectModel.h */ = {isa = PBXFileReference; fileEncoding = 4; lastKnownFileType = sourcecode.c.h; path = TJRectModel.h; sourceTree = "<group>"; };
		7B1E103C21AAECC800F8FBE2 /* TJPointCircleView.h */ = {isa = PBXFileReference; fileEncoding = 4; lastKnownFileType = sourcecode.c.h; path = TJPointCircleView.h; sourceTree = "<group>"; };
		7B1E103D21AAECC800F8FBE2 /* TJLineModel.m */ = {isa = PBXFileReference; fileEncoding = 4; lastKnownFileType = sourcecode.c.objc; path = TJLineModel.m; sourceTree = "<group>"; };
		7B1E103E21AAECC800F8FBE2 /* TJPointCircleView.m */ = {isa = PBXFileReference; fileEncoding = 4; lastKnownFileType = sourcecode.c.objc; path = TJPointCircleView.m; sourceTree = "<group>"; };
		7B1E103F21AAECC800F8FBE2 /* TJRectModel.m */ = {isa = PBXFileReference; fileEncoding = 4; lastKnownFileType = sourcecode.c.objc; path = TJRectModel.m; sourceTree = "<group>"; };
		7B1E104021AAECC800F8FBE2 /* TJRectDectectController.h */ = {isa = PBXFileReference; fileEncoding = 4; lastKnownFileType = sourcecode.c.h; path = TJRectDectectController.h; sourceTree = "<group>"; };
		7B1E104121AAECC800F8FBE2 /* TJRectDectectController.xib */ = {isa = PBXFileReference; fileEncoding = 4; lastKnownFileType = file.xib; path = TJRectDectectController.xib; sourceTree = "<group>"; };
		7B1E104221AAECC800F8FBE2 /* TJPointCircleView+Extension.h */ = {isa = PBXFileReference; fileEncoding = 4; lastKnownFileType = sourcecode.c.h; path = "TJPointCircleView+Extension.h"; sourceTree = "<group>"; };
		7B1E104321AAECC800F8FBE2 /* TJRectDectectView.mm */ = {isa = PBXFileReference; fileEncoding = 4; lastKnownFileType = sourcecode.cpp.objcpp; path = TJRectDectectView.mm; sourceTree = "<group>"; };
		7B1E104421AAECC800F8FBE2 /* TJRectDectectPreviewController.xib */ = {isa = PBXFileReference; fileEncoding = 4; lastKnownFileType = file.xib; path = TJRectDectectPreviewController.xib; sourceTree = "<group>"; };
		7B1E104521AAECC800F8FBE2 /* UIImage+fixOrientation.m */ = {isa = PBXFileReference; fileEncoding = 4; lastKnownFileType = sourcecode.c.objc; path = "UIImage+fixOrientation.m"; sourceTree = "<group>"; };
		7B1E106721AAED6300F8FBE2 /* ViewController.m */ = {isa = PBXFileReference; fileEncoding = 4; lastKnownFileType = sourcecode.c.objc; path = ViewController.m; sourceTree = "<group>"; };
		7B1E106821AAED6300F8FBE2 /* ViewController.h */ = {isa = PBXFileReference; fileEncoding = 4; lastKnownFileType = sourcecode.c.h; path = ViewController.h; sourceTree = "<group>"; };
		7B1E108521AAF60700F8FBE2 /* SpliceImageTool.h */ = {isa = PBXFileReference; lastKnownFileType = sourcecode.c.h; path = SpliceImageTool.h; sourceTree = "<group>"; };
		7B1E108621AAF60700F8FBE2 /* SpliceImageTool.mm */ = {isa = PBXFileReference; lastKnownFileType = sourcecode.cpp.objcpp; path = SpliceImageTool.mm; sourceTree = "<group>"; };
		7B1E108921AAFB4900F8FBE2 /* RectRedressTool.h */ = {isa = PBXFileReference; lastKnownFileType = sourcecode.c.h; path = RectRedressTool.h; sourceTree = "<group>"; };
		7B1E108A21AAFB4900F8FBE2 /* RectRedressTool.mm */ = {isa = PBXFileReference; lastKnownFileType = sourcecode.cpp.objcpp; path = RectRedressTool.mm; sourceTree = "<group>"; };
/* End PBXFileReference section */

/* Begin PBXFrameworksBuildPhase section */
		7B1E0ED221AA49EA00F8FBE2 /* Frameworks */ = {
			isa = PBXFrameworksBuildPhase;
			buildActionMask = 2147483647;
			files = (
				7B1E0EF121AA4B4300F8FBE2 /* opencv2.framework in Frameworks */,
				D4B6FA8E904F88B5C43BEACD /* Pods_iOSOpenCVLibDemo.framework in Frameworks */,
			);
			runOnlyForDeploymentPostprocessing = 0;
		};
/* End PBXFrameworksBuildPhase section */

/* Begin PBXGroup section */
		7B1E0ECC21AA49EA00F8FBE2 = {
			isa = PBXGroup;
			children = (
				7B1E0ED721AA49EA00F8FBE2 /* iOSOpenCVLibDemo */,
				7B1E0ED621AA49EA00F8FBE2 /* Products */,
				9500B72A8EF7F571FA84BDB9 /* Pods */,
				8350A8CCAF9E9E7E4C40C68C /* Frameworks */,
			);
			sourceTree = "<group>";
		};
		7B1E0ED621AA49EA00F8FBE2 /* Products */ = {
			isa = PBXGroup;
			children = (
				7B1E0ED521AA49EA00F8FBE2 /* iOSOpenCVLibDemo.app */,
			);
			name = Products;
			sourceTree = "<group>";
		};
		7B1E0ED721AA49EA00F8FBE2 /* iOSOpenCVLibDemo */ = {
			isa = PBXGroup;
			children = (
				7B1E0EEE21AA4B2400F8FBE2 /* libs */,
				7B1E0EF221AA4B7D00F8FBE2 /* ImageTools */,
				7B1E0ED821AA49EA00F8FBE2 /* AppDelegate.h */,
				7B1E0ED921AA49EA00F8FBE2 /* AppDelegate.m */,
				7B1E106821AAED6300F8FBE2 /* ViewController.h */,
				7B1E106721AAED6300F8FBE2 /* ViewController.m */,
				7B1E0F5821AA4BA200F8FBE2 /* controllers */,
				7B1E0F5C21AA4BDA00F8FBE2 /* supports */,
				7B1E0EE621AA49EC00F8FBE2 /* Info.plist */,
			);
			path = iOSOpenCVLibDemo;
			sourceTree = "<group>";
		};
		7B1E0EEE21AA4B2400F8FBE2 /* libs */ = {
			isa = PBXGroup;
			children = (
				7B1E0EEF21AA4B2E00F8FBE2 /* opencv */,
			);
			path = libs;
			sourceTree = "<group>";
		};
		7B1E0EEF21AA4B2E00F8FBE2 /* opencv */ = {
			isa = PBXGroup;
			children = (
				7B1E0EF021AA4B4300F8FBE2 /* opencv2.framework */,
			);
			path = opencv;
			sourceTree = "<group>";
		};
		7B1E0EF221AA4B7D00F8FBE2 /* ImageTools */ = {
			isa = PBXGroup;
			children = (
				7B1E108821AAF86A00F8FBE2 /* RectDetection2 */,
				7B1E108421AAF5A000F8FBE2 /* SURF_ORB_Splice */,
				7B1E101621AAECC800F8FBE2 /* GaussFilter */,
				7B1E102621AAECC800F8FBE2 /* HoughLines */,
				7B1E101921AAECC800F8FBE2 /* images */,
				7B1E102921AAECC800F8FBE2 /* MosaicProcess */,
				7B1E102C21AAECC800F8FBE2 /* RectDetection */,
				7B1E101121AAECC800F8FBE2 /* Utils */,
			);
			path = ImageTools;
			sourceTree = "<group>";
		};
		7B1E0F5821AA4BA200F8FBE2 /* controllers */ = {
			isa = PBXGroup;
			children = (
				7B1E0F4921AA4BA200F8FBE2 /* WTDrawRectController.h */,
				7B1E0F4A21AA4BA200F8FBE2 /* WTDrawRectController.m */,
				7B1E0F4B21AA4BA200F8FBE2 /* WTDrawRectController.xib */,
				7B1E0F4C21AA4BA200F8FBE2 /* WTFaceRectDetectionVC.h */,
				7B1E0F4D21AA4BA200F8FBE2 /* WTFaceRectDetectionVC.m */,
				7B1E0F4E21AA4BA200F8FBE2 /* WTFaceRectDetectionVC.xib */,
				7B1E0F4F21AA4BA200F8FBE2 /* WTGaussFilterVC.h */,
				7B1E0F5021AA4BA200F8FBE2 /* WTGaussFilterVC.m */,
				7B1E0F5121AA4BA200F8FBE2 /* WTGaussFilterVC.xib */,
				7B1E0F5221AA4BA200F8FBE2 /* WTHoughLinesVC.h */,
				7B1E0F5321AA4BA200F8FBE2 /* WTHoughLinesVC.m */,
				7B1E0F5421AA4BA200F8FBE2 /* WTHoughLinesVC.xib */,
				7B1E0F5521AA4BA200F8FBE2 /* WTMosaicImageVC.h */,
				7B1E0F5621AA4BA200F8FBE2 /* WTMosaicImageVC.m */,
				7B1E0F5721AA4BA200F8FBE2 /* WTMosaicImageVC.xib */,
			);
			path = controllers;
			sourceTree = "<group>";
		};
		7B1E0F5C21AA4BDA00F8FBE2 /* supports */ = {
			isa = PBXGroup;
			children = (
				7B1E0F5D21AA4BE900F8FBE2 /* main.plist */,
				7B1E0EDE21AA49EB00F8FBE2 /* Main.storyboard */,
				7B1E0EE121AA49EB00F8FBE2 /* Assets.xcassets */,
				7B1E0EE321AA49EB00F8FBE2 /* LaunchScreen.storyboard */,
				7B1E0EE721AA49EC00F8FBE2 /* main.m */,
			);
			path = supports;
			sourceTree = "<group>";
		};
		7B1E101121AAECC800F8FBE2 /* Utils */ = {
			isa = PBXGroup;
			children = (
				7B1E101221AAECC800F8FBE2 /* FaceUtils.h */,
				7B1E101321AAECC800F8FBE2 /* haarcascade_eye.xml */,
				7B1E101421AAECC800F8FBE2 /* haarcascade_frontalface_alt.xml */,
				7B1E101521AAECC800F8FBE2 /* FaceUtils.mm */,
			);
			path = Utils;
			sourceTree = "<group>";
		};
		7B1E101621AAECC800F8FBE2 /* GaussFilter */ = {
			isa = PBXGroup;
			children = (
				7B1E101721AAECC800F8FBE2 /* GaussFilterTool.h */,
				7B1E101821AAECC800F8FBE2 /* GaussFilterTool.mm */,
			);
			path = GaussFilter;
			sourceTree = "<group>";
		};
		7B1E101921AAECC800F8FBE2 /* images */ = {
			isa = PBXGroup;
			children = (
				7B1E101A21AAECC800F8FBE2 /* face4_me.png */,
				7B1E101B21AAECC800F8FBE2 /* lineimg.png */,
				7B1E101C21AAECC800F8FBE2 /* face.png */,
				7B1E101D21AAECC800F8FBE2 /* face2_me.png */,
				7B1E101E21AAECC800F8FBE2 /* face1.png */,
				7B1E101F21AAECC800F8FBE2 /* face0.png */,
				7B1E102021AAECC800F8FBE2 /* face2.png */,
				7B1E102121AAECC800F8FBE2 /* face3.png */,
				7B1E102221AAECC800F8FBE2 /* face4.png */,
				7B1E102321AAECC800F8FBE2 /* face5.png */,
				7B1E102421AAECC800F8FBE2 /* face1_me.png */,
				7B1E102521AAECC800F8FBE2 /* face3_me.png */,
			);
			path = images;
			sourceTree = "<group>";
		};
		7B1E102621AAECC800F8FBE2 /* HoughLines */ = {
			isa = PBXGroup;
			children = (
				7B1E102721AAECC800F8FBE2 /* HoughLinesTool.h */,
				7B1E102821AAECC800F8FBE2 /* HoughLinesTool.mm */,
			);
			path = HoughLines;
			sourceTree = "<group>";
		};
		7B1E102921AAECC800F8FBE2 /* MosaicProcess */ = {
			isa = PBXGroup;
			children = (
				7B1E102A21AAECC800F8FBE2 /* ImageProcessUtils.h */,
				7B1E102B21AAECC800F8FBE2 /* ImageProcessUtils.mm */,
			);
			path = MosaicProcess;
			sourceTree = "<group>";
		};
		7B1E102C21AAECC800F8FBE2 /* RectDetection */ = {
			isa = PBXGroup;
			children = (
				7B1E102D21AAECC800F8FBE2 /* TJRectDectectView.h */,
				7B1E102E21AAECC800F8FBE2 /* TJRectDectectPreviewController.h */,
				7B1E102F21AAECC800F8FBE2 /* images */,
				7B1E103521AAECC800F8FBE2 /* TJPointCircleView+Extension.m */,
				7B1E103621AAECC800F8FBE2 /* TJRectDectectController.m */,
				7B1E103721AAECC800F8FBE2 /* UIImage+fixOrientation.h */,
				7B1E103821AAECC800F8FBE2 /* TJRectDectectPreviewController.m */,
				7B1E103921AAECC800F8FBE2 /* Model */,
				7B1E104021AAECC800F8FBE2 /* TJRectDectectController.h */,
				7B1E104121AAECC800F8FBE2 /* TJRectDectectController.xib */,
				7B1E104221AAECC800F8FBE2 /* TJPointCircleView+Extension.h */,
				7B1E104321AAECC800F8FBE2 /* TJRectDectectView.mm */,
				7B1E104421AAECC800F8FBE2 /* TJRectDectectPreviewController.xib */,
				7B1E104521AAECC800F8FBE2 /* UIImage+fixOrientation.m */,
			);
			path = RectDetection;
			sourceTree = "<group>";
		};
		7B1E102F21AAECC800F8FBE2 /* images */ = {
			isa = PBXGroup;
			children = (
				7B1E103021AAECC800F8FBE2 /* bigger_rect.png */,
				7B1E103121AAECC800F8FBE2 /* reset_icon.png */,
				7B1E103221AAECC800F8FBE2 /* rect1.png */,
				7B1E103321AAECC800F8FBE2 /* right_icon.png */,
				7B1E103421AAECC800F8FBE2 /* rotation_icon.png */,
			);
			path = images;
			sourceTree = "<group>";
		};
		7B1E103921AAECC800F8FBE2 /* Model */ = {
			isa = PBXGroup;
			children = (
				7B1E103A21AAECC800F8FBE2 /* TJLineModel.h */,
				7B1E103B21AAECC800F8FBE2 /* TJRectModel.h */,
				7B1E103C21AAECC800F8FBE2 /* TJPointCircleView.h */,
				7B1E103D21AAECC800F8FBE2 /* TJLineModel.m */,
				7B1E103E21AAECC800F8FBE2 /* TJPointCircleView.m */,
				7B1E103F21AAECC800F8FBE2 /* TJRectModel.m */,
			);
			path = Model;
			sourceTree = "<group>";
		};
		7B1E108421AAF5A000F8FBE2 /* SURF_ORB_Splice */ = {
			isa = PBXGroup;
			children = (
				7B1E108521AAF60700F8FBE2 /* SpliceImageTool.h */,
				7B1E108621AAF60700F8FBE2 /* SpliceImageTool.mm */,
			);
			path = SURF_ORB_Splice;
			sourceTree = "<group>";
		};
		7B1E108821AAF86A00F8FBE2 /* RectDetection2 */ = {
			isa = PBXGroup;
			children = (
				7B1E108921AAFB4900F8FBE2 /* RectRedressTool.h */,
				7B1E108A21AAFB4900F8FBE2 /* RectRedressTool.mm */,
			);
			path = RectDetection2;
			sourceTree = "<group>";
		};
		8350A8CCAF9E9E7E4C40C68C /* Frameworks */ = {
			isa = PBXGroup;
			children = (
				6319648AD13B1B3B05B1D33D /* Pods_iOSOpenCVLibDemo.framework */,
			);
			name = Frameworks;
			sourceTree = "<group>";
		};
		9500B72A8EF7F571FA84BDB9 /* Pods */ = {
			isa = PBXGroup;
			children = (
				375A9FB50016E3DDB1AA6D8C /* Pods-iOSOpenCVLibDemo.debug.xcconfig */,
				364F534790EBB0EAC188BE3F /* Pods-iOSOpenCVLibDemo.release.xcconfig */,
			);
			name = Pods;
			sourceTree = "<group>";
		};
/* End PBXGroup section */

/* Begin PBXNativeTarget section */
		7B1E0ED421AA49EA00F8FBE2 /* iOSOpenCVLibDemo */ = {
			isa = PBXNativeTarget;
			buildConfigurationList = 7B1E0EEB21AA49EC00F8FBE2 /* Build configuration list for PBXNativeTarget "iOSOpenCVLibDemo" */;
			buildPhases = (
				EFCD743C526D04630E91ED7F /* [CP] Check Pods Manifest.lock */,
				7B1E0ED121AA49EA00F8FBE2 /* Sources */,
				7B1E0ED221AA49EA00F8FBE2 /* Frameworks */,
				7B1E0ED321AA49EA00F8FBE2 /* Resources */,
				FBD8E032252D34E4BF6260F5 /* [CP] Embed Pods Frameworks */,
			);
			buildRules = (
			);
			dependencies = (
			);
			name = iOSOpenCVLibDemo;
			productName = iOSOpenCVLibDemo;
			productReference = 7B1E0ED521AA49EA00F8FBE2 /* iOSOpenCVLibDemo.app */;
			productType = "com.apple.product-type.application";
		};
/* End PBXNativeTarget section */

/* Begin PBXProject section */
		7B1E0ECD21AA49EA00F8FBE2 /* Project object */ = {
			isa = PBXProject;
			attributes = {
				LastUpgradeCheck = 1010;
				ORGANIZATIONNAME = wztMac;
				TargetAttributes = {
					7B1E0ED421AA49EA00F8FBE2 = {
						CreatedOnToolsVersion = 10.1;
					};
				};
			};
			buildConfigurationList = 7B1E0ED021AA49EA00F8FBE2 /* Build configuration list for PBXProject "iOSOpenCVLibDemo" */;
			compatibilityVersion = "Xcode 9.3";
			developmentRegion = en;
			hasScannedForEncodings = 0;
			knownRegions = (
				en,
				Base,
			);
			mainGroup = 7B1E0ECC21AA49EA00F8FBE2;
			productRefGroup = 7B1E0ED621AA49EA00F8FBE2 /* Products */;
			projectDirPath = "";
			projectRoot = "";
			targets = (
				7B1E0ED421AA49EA00F8FBE2 /* iOSOpenCVLibDemo */,
			);
		};
/* End PBXProject section */

/* Begin PBXResourcesBuildPhase section */
		7B1E0ED321AA49EA00F8FBE2 /* Resources */ = {
			isa = PBXResourcesBuildPhase;
			buildActionMask = 2147483647;
			files = (
				7B1E105321AAECC800F8FBE2 /* face5.png in Resources */,
				7B1E0EE521AA49EB00F8FBE2 /* LaunchScreen.storyboard in Resources */,
				7B1E105121AAECC800F8FBE2 /* face3.png in Resources */,
				7B1E0F6421AA4DB300F8FBE2 /* WTGaussFilterVC.xib in Resources */,
				7B1E105521AAECC800F8FBE2 /* face3_me.png in Resources */,
				7B1E0F6621AA4DB300F8FBE2 /* WTHoughLinesVC.xib in Resources */,
				7B1E105021AAECC800F8FBE2 /* face2.png in Resources */,
				7B1E104B21AAECC800F8FBE2 /* lineimg.png in Resources */,
				7B1E104D21AAECC800F8FBE2 /* face2_me.png in Resources */,
				7B1E105221AAECC800F8FBE2 /* face4.png in Resources */,
				7B1E105921AAECC800F8FBE2 /* reset_icon.png in Resources */,
				7B1E106521AAECC800F8FBE2 /* TJRectDectectPreviewController.xib in Resources */,
				7B1E104721AAECC800F8FBE2 /* haarcascade_frontalface_alt.xml in Resources */,
				7B1E105421AAECC800F8FBE2 /* face1_me.png in Resources */,
				7B1E0F6021AA4DB300F8FBE2 /* WTDrawRectController.xib in Resources */,
				7B1E104C21AAECC800F8FBE2 /* face.png in Resources */,
				7B1E106321AAECC800F8FBE2 /* TJRectDectectController.xib in Resources */,
				7B1E0F6221AA4DB300F8FBE2 /* WTFaceRectDetectionVC.xib in Resources */,
				7B1E105821AAECC800F8FBE2 /* bigger_rect.png in Resources */,
				7B1E0F5E21AA4BE900F8FBE2 /* main.plist in Resources */,
				7B1E104A21AAECC800F8FBE2 /* face4_me.png in Resources */,
				7B1E0EE221AA49EB00F8FBE2 /* Assets.xcassets in Resources */,
				7B1E104E21AAECC800F8FBE2 /* face1.png in Resources */,
				7B1E104F21AAECC800F8FBE2 /* face0.png in Resources */,
				7B1E0EE021AA49EB00F8FBE2 /* Main.storyboard in Resources */,
				7B1E105B21AAECC800F8FBE2 /* right_icon.png in Resources */,
				7B1E105C21AAECC800F8FBE2 /* rotation_icon.png in Resources */,
				7B1E105A21AAECC800F8FBE2 /* rect1.png in Resources */,
				7B1E104621AAECC800F8FBE2 /* haarcascade_eye.xml in Resources */,
				7B1E0F6821AA4DB300F8FBE2 /* WTMosaicImageVC.xib in Resources */,
			);
			runOnlyForDeploymentPostprocessing = 0;
		};
/* End PBXResourcesBuildPhase section */

/* Begin PBXShellScriptBuildPhase section */
		EFCD743C526D04630E91ED7F /* [CP] Check Pods Manifest.lock */ = {
			isa = PBXShellScriptBuildPhase;
			buildActionMask = 2147483647;
			files = (
			);
			inputFileListPaths = (
			);
			inputPaths = (
				"${PODS_PODFILE_DIR_PATH}/Podfile.lock",
				"${PODS_ROOT}/Manifest.lock",
			);
			name = "[CP] Check Pods Manifest.lock";
			outputFileListPaths = (
			);
			outputPaths = (
				"$(DERIVED_FILE_DIR)/Pods-iOSOpenCVLibDemo-checkManifestLockResult.txt",
			);
			runOnlyForDeploymentPostprocessing = 0;
			shellPath = /bin/sh;
			shellScript = "diff \"${PODS_PODFILE_DIR_PATH}/Podfile.lock\" \"${PODS_ROOT}/Manifest.lock\" > /dev/null\nif [ $? != 0 ] ; then\n    # print error to STDERR\n    echo \"error: The sandbox is not in sync with the Podfile.lock. Run 'pod install' or update your CocoaPods installation.\" >&2\n    exit 1\nfi\n# This output is used by Xcode 'outputs' to avoid re-running this script phase.\necho \"SUCCESS\" > \"${SCRIPT_OUTPUT_FILE_0}\"\n";
			showEnvVarsInLog = 0;
		};
		FBD8E032252D34E4BF6260F5 /* [CP] Embed Pods Frameworks */ = {
			isa = PBXShellScriptBuildPhase;
			buildActionMask = 2147483647;
			files = (
			);
			inputFileListPaths = (
			);
			inputPaths = (
				"${SRCROOT}/Pods/Target Support Files/Pods-iOSOpenCVLibDemo/Pods-iOSOpenCVLibDemo-frameworks.sh",
				"${BUILT_PRODUCTS_DIR}/Masonry/Masonry.framework",
			);
			name = "[CP] Embed Pods Frameworks";
			outputFileListPaths = (
			);
			outputPaths = (
				"${TARGET_BUILD_DIR}/${FRAMEWORKS_FOLDER_PATH}/Masonry.framework",
			);
			runOnlyForDeploymentPostprocessing = 0;
			shellPath = /bin/sh;
			shellScript = "\"${SRCROOT}/Pods/Target Support Files/Pods-iOSOpenCVLibDemo/Pods-iOSOpenCVLibDemo-frameworks.sh\"\n";
			showEnvVarsInLog = 0;
		};
/* End PBXShellScriptBuildPhase section */

/* Begin PBXSourcesBuildPhase section */
		7B1E0ED121AA49EA00F8FBE2 /* Sources */ = {
			isa = PBXSourcesBuildPhase;
			buildActionMask = 2147483647;
			files = (
				7B1E0F6121AA4DB300F8FBE2 /* WTFaceRectDetectionVC.m in Sources */,
				7B1E106221AAECC800F8FBE2 /* TJRectModel.m in Sources */,
				7B1E0F6321AA4DB300F8FBE2 /* WTGaussFilterVC.m in Sources */,
				7B1E106121AAECC800F8FBE2 /* TJPointCircleView.m in Sources */,
				7B1E106421AAECC800F8FBE2 /* TJRectDectectView.mm in Sources */,
				7B1E0F6521AA4DB300F8FBE2 /* WTHoughLinesVC.m in Sources */,
				7B1E104821AAECC800F8FBE2 /* FaceUtils.mm in Sources */,
				7B1E0EE821AA49EC00F8FBE2 /* main.m in Sources */,
				7B1E108B21AAFB4900F8FBE2 /* RectRedressTool.mm in Sources */,
				7B1E105E21AAECC800F8FBE2 /* TJRectDectectController.m in Sources */,
				7B1E106621AAECC800F8FBE2 /* UIImage+fixOrientation.m in Sources */,
				7B1E0EDA21AA49EA00F8FBE2 /* AppDelegate.m in Sources */,
				7B1E105F21AAECC800F8FBE2 /* TJRectDectectPreviewController.m in Sources */,
				7B1E105621AAECC800F8FBE2 /* HoughLinesTool.mm in Sources */,
				7B1E104921AAECC800F8FBE2 /* GaussFilterTool.mm in Sources */,
				7B1E106921AAED6300F8FBE2 /* ViewController.m in Sources */,
				7B1E0F5F21AA4DB300F8FBE2 /* WTDrawRectController.m in Sources */,
				7B1E105D21AAECC800F8FBE2 /* TJPointCircleView+Extension.m in Sources */,
				7B1E0F6721AA4DB300F8FBE2 /* WTMosaicImageVC.m in Sources */,
				7B1E105721AAECC800F8FBE2 /* ImageProcessUtils.mm in Sources */,
				7B1E108721AAF60700F8FBE2 /* SpliceImageTool.mm in Sources */,
				7B1E106021AAECC800F8FBE2 /* TJLineModel.m in Sources */,
			);
			runOnlyForDeploymentPostprocessing = 0;
		};
/* End PBXSourcesBuildPhase section */

/* Begin PBXVariantGroup section */
		7B1E0EDE21AA49EB00F8FBE2 /* Main.storyboard */ = {
			isa = PBXVariantGroup;
			children = (
				7B1E0EDF21AA49EB00F8FBE2 /* Base */,
			);
			name = Main.storyboard;
			sourceTree = "<group>";
		};
		7B1E0EE321AA49EB00F8FBE2 /* LaunchScreen.storyboard */ = {
			isa = PBXVariantGroup;
			children = (
				7B1E0EE421AA49EB00F8FBE2 /* Base */,
			);
			name = LaunchScreen.storyboard;
			sourceTree = "<group>";
		};
/* End PBXVariantGroup section */

/* Begin XCBuildConfiguration section */
		7B1E0EE921AA49EC00F8FBE2 /* Debug */ = {
			isa = XCBuildConfiguration;
			buildSettings = {
				ALWAYS_SEARCH_USER_PATHS = NO;
				CLANG_ANALYZER_NONNULL = YES;
				CLANG_ANALYZER_NUMBER_OBJECT_CONVERSION = YES_AGGRESSIVE;
				CLANG_CXX_LANGUAGE_STANDARD = "gnu++14";
				CLANG_CXX_LIBRARY = "libc++";
				CLANG_ENABLE_MODULES = YES;
				CLANG_ENABLE_OBJC_ARC = YES;
				CLANG_ENABLE_OBJC_WEAK = YES;
				CLANG_WARN_BLOCK_CAPTURE_AUTORELEASING = YES;
				CLANG_WARN_BOOL_CONVERSION = YES;
				CLANG_WARN_COMMA = YES;
				CLANG_WARN_CONSTANT_CONVERSION = YES;
				CLANG_WARN_DEPRECATED_OBJC_IMPLEMENTATIONS = YES;
				CLANG_WARN_DIRECT_OBJC_ISA_USAGE = YES_ERROR;
				CLANG_WARN_DOCUMENTATION_COMMENTS = YES;
				CLANG_WARN_EMPTY_BODY = YES;
				CLANG_WARN_ENUM_CONVERSION = YES;
				CLANG_WARN_INFINITE_RECURSION = YES;
				CLANG_WARN_INT_CONVERSION = YES;
				CLANG_WARN_NON_LITERAL_NULL_CONVERSION = YES;
				CLANG_WARN_OBJC_IMPLICIT_RETAIN_SELF = YES;
				CLANG_WARN_OBJC_LITERAL_CONVERSION = YES;
				CLANG_WARN_OBJC_ROOT_CLASS = YES_ERROR;
				CLANG_WARN_RANGE_LOOP_ANALYSIS = YES;
				CLANG_WARN_STRICT_PROTOTYPES = YES;
				CLANG_WARN_SUSPICIOUS_MOVE = YES;
				CLANG_WARN_UNGUARDED_AVAILABILITY = YES_AGGRESSIVE;
				CLANG_WARN_UNREACHABLE_CODE = YES;
				CLANG_WARN__DUPLICATE_METHOD_MATCH = YES;
				CODE_SIGN_IDENTITY = "iPhone Developer";
				COPY_PHASE_STRIP = NO;
				DEBUG_INFORMATION_FORMAT = dwarf;
				ENABLE_STRICT_OBJC_MSGSEND = YES;
				ENABLE_TESTABILITY = YES;
				GCC_C_LANGUAGE_STANDARD = gnu11;
				GCC_DYNAMIC_NO_PIC = NO;
				GCC_NO_COMMON_BLOCKS = YES;
				GCC_OPTIMIZATION_LEVEL = 0;
				GCC_PREPROCESSOR_DEFINITIONS = (
					"DEBUG=1",
					"$(inherited)",
				);
				GCC_WARN_64_TO_32_BIT_CONVERSION = YES;
				GCC_WARN_ABOUT_RETURN_TYPE = YES_ERROR;
				GCC_WARN_UNDECLARED_SELECTOR = YES;
				GCC_WARN_UNINITIALIZED_AUTOS = YES_AGGRESSIVE;
				GCC_WARN_UNUSED_FUNCTION = YES;
				GCC_WARN_UNUSED_VARIABLE = YES;
				IPHONEOS_DEPLOYMENT_TARGET = 12.1;
				MTL_ENABLE_DEBUG_INFO = INCLUDE_SOURCE;
				MTL_FAST_MATH = YES;
				ONLY_ACTIVE_ARCH = YES;
				SDKROOT = iphoneos;
			};
			name = Debug;
		};
		7B1E0EEA21AA49EC00F8FBE2 /* Release */ = {
			isa = XCBuildConfiguration;
			buildSettings = {
				ALWAYS_SEARCH_USER_PATHS = NO;
				CLANG_ANALYZER_NONNULL = YES;
				CLANG_ANALYZER_NUMBER_OBJECT_CONVERSION = YES_AGGRESSIVE;
				CLANG_CXX_LANGUAGE_STANDARD = "gnu++14";
				CLANG_CXX_LIBRARY = "libc++";
				CLANG_ENABLE_MODULES = YES;
				CLANG_ENABLE_OBJC_ARC = YES;
				CLANG_ENABLE_OBJC_WEAK = YES;
				CLANG_WARN_BLOCK_CAPTURE_AUTORELEASING = YES;
				CLANG_WARN_BOOL_CONVERSION = YES;
				CLANG_WARN_COMMA = YES;
				CLANG_WARN_CONSTANT_CONVERSION = YES;
				CLANG_WARN_DEPRECATED_OBJC_IMPLEMENTATIONS = YES;
				CLANG_WARN_DIRECT_OBJC_ISA_USAGE = YES_ERROR;
				CLANG_WARN_DOCUMENTATION_COMMENTS = YES;
				CLANG_WARN_EMPTY_BODY = YES;
				CLANG_WARN_ENUM_CONVERSION = YES;
				CLANG_WARN_INFINITE_RECURSION = YES;
				CLANG_WARN_INT_CONVERSION = YES;
				CLANG_WARN_NON_LITERAL_NULL_CONVERSION = YES;
				CLANG_WARN_OBJC_IMPLICIT_RETAIN_SELF = YES;
				CLANG_WARN_OBJC_LITERAL_CONVERSION = YES;
				CLANG_WARN_OBJC_ROOT_CLASS = YES_ERROR;
				CLANG_WARN_RANGE_LOOP_ANALYSIS = YES;
				CLANG_WARN_STRICT_PROTOTYPES = YES;
				CLANG_WARN_SUSPICIOUS_MOVE = YES;
				CLANG_WARN_UNGUARDED_AVAILABILITY = YES_AGGRESSIVE;
				CLANG_WARN_UNREACHABLE_CODE = YES;
				CLANG_WARN__DUPLICATE_METHOD_MATCH = YES;
				CODE_SIGN_IDENTITY = "iPhone Developer";
				COPY_PHASE_STRIP = NO;
				DEBUG_INFORMATION_FORMAT = "dwarf-with-dsym";
				ENABLE_NS_ASSERTIONS = NO;
				ENABLE_STRICT_OBJC_MSGSEND = YES;
				GCC_C_LANGUAGE_STANDARD = gnu11;
				GCC_NO_COMMON_BLOCKS = YES;
				GCC_WARN_64_TO_32_BIT_CONVERSION = YES;
				GCC_WARN_ABOUT_RETURN_TYPE = YES_ERROR;
				GCC_WARN_UNDECLARED_SELECTOR = YES;
				GCC_WARN_UNINITIALIZED_AUTOS = YES_AGGRESSIVE;
				GCC_WARN_UNUSED_FUNCTION = YES;
				GCC_WARN_UNUSED_VARIABLE = YES;
				IPHONEOS_DEPLOYMENT_TARGET = 12.1;
				MTL_ENABLE_DEBUG_INFO = NO;
				MTL_FAST_MATH = YES;
				SDKROOT = iphoneos;
				VALIDATE_PRODUCT = YES;
			};
			name = Release;
		};
		7B1E0EEC21AA49EC00F8FBE2 /* Debug */ = {
			isa = XCBuildConfiguration;
			baseConfigurationReference = 375A9FB50016E3DDB1AA6D8C /* Pods-iOSOpenCVLibDemo.debug.xcconfig */;
			buildSettings = {
				ASSETCATALOG_COMPILER_APPICON_NAME = AppIcon;
				CODE_SIGN_STYLE = Automatic;
				DEVELOPMENT_TEAM = RNS9QEVKGH;
				FRAMEWORK_SEARCH_PATHS = (
					"$(inherited)",
					"$(PROJECT_DIR)/iOSOpenCVLibDemo/libs/opencv",
				);
				INFOPLIST_FILE = iOSOpenCVLibDemo/Info.plist;
				LD_RUNPATH_SEARCH_PATHS = (
					"$(inherited)",
					"@executable_path/Frameworks",
				);
				PRODUCT_BUNDLE_IDENTIFIER = com.wztMac.Demo.iOSOpenCVLibDemo;
				PRODUCT_NAME = "$(TARGET_NAME)";
				TARGETED_DEVICE_FAMILY = "1,2";
			};
			name = Debug;
		};
		7B1E0EED21AA49EC00F8FBE2 /* Release */ = {
			isa = XCBuildConfiguration;
			baseConfigurationReference = 364F534790EBB0EAC188BE3F /* Pods-iOSOpenCVLibDemo.release.xcconfig */;
			buildSettings = {
				ASSETCATALOG_COMPILER_APPICON_NAME = AppIcon;
				CODE_SIGN_STYLE = Automatic;
				DEVELOPMENT_TEAM = RNS9QEVKGH;
				FRAMEWORK_SEARCH_PATHS = (
					"$(inherited)",
					"$(PROJECT_DIR)/iOSOpenCVLibDemo/libs/opencv",
				);
				INFOPLIST_FILE = iOSOpenCVLibDemo/Info.plist;
				LD_RUNPATH_SEARCH_PATHS = (
					"$(inherited)",
					"@executable_path/Frameworks",
				);
				PRODUCT_BUNDLE_IDENTIFIER = com.wztMac.Demo.iOSOpenCVLibDemo;
				PRODUCT_NAME = "$(TARGET_NAME)";
				TARGETED_DEVICE_FAMILY = "1,2";
			};
			name = Release;
		};
/* End XCBuildConfiguration section */

/* Begin XCConfigurationList section */
		7B1E0ED021AA49EA00F8FBE2 /* Build configuration list for PBXProject "iOSOpenCVLibDemo" */ = {
			isa = XCConfigurationList;
			buildConfigurations = (
				7B1E0EE921AA49EC00F8FBE2 /* Debug */,
				7B1E0EEA21AA49EC00F8FBE2 /* Release */,
			);
			defaultConfigurationIsVisible = 0;
			defaultConfigurationName = Release;
		};
		7B1E0EEB21AA49EC00F8FBE2 /* Build configuration list for PBXNativeTarget "iOSOpenCVLibDemo" */ = {
			isa = XCConfigurationList;
			buildConfigurations = (
				7B1E0EEC21AA49EC00F8FBE2 /* Debug */,
				7B1E0EED21AA49EC00F8FBE2 /* Release */,
			);
			defaultConfigurationIsVisible = 0;
			defaultConfigurationName = Release;
		};
/* End XCConfigurationList section */
	};
	rootObject = 7B1E0ECD21AA49EA00F8FBE2 /* Project object */;
}
